<?xml version="1.0" encoding="UTF-8" standalone="yes" ?>
<CodeBlocks_project_file>
	<FileVersion major="1" minor="6" />
	<Project>
		<Option title="Corbit" />
		<Option pch_mode="2" />
		<Option compiler="gcc" />
		<Build>
			<Target title="Debug">
				<Option output="bin\Debug\Corbit" prefix_auto="1" extension_auto="1" />
				<Option object_output="obj\Debug\" />
				<Option type="1" />
				<Option compiler="gcc" />
				<Compiler>
					<Add option="-g" />
				</Compiler>
			</Target>
			<Target title="Release">
				<Option output="bin\Release\Corbit" prefix_auto="1" extension_auto="1" />
				<Option object_output="obj\Release\" />
				<Option type="0" />
				<Option compiler="gcc" />
				<Compiler>
					<Add option="-O1" />
					<Add option="-DEIGEN_NO_DEBUG" />
				</Compiler>
				<Linker>
					<Add option="-s" />
				</Linker>
			</Target>
		</Build>
		<Compiler>
			<Add option="-Wall" />
			<Add directory="include" />
		</Compiler>
		<Linker>
			<Add option="-lgcc_eh" />
			<Add option="-static-libgcc" />
			<Add option="-static-libstdc++" />
			<Add library="C:\Users\Melanson\dev\allegro-5.0.7-mingw-4.6.2\lib\liballegro-5.0.7-static-mt.a" />
			<Add library="C:\Users\Melanson\dev\allegro-5.0.7-mingw-4.6.2\lib\liballegro_acodec-5.0.7-static-mt.a" />
			<Add library="C:\Users\Melanson\dev\allegro-5.0.7-mingw-4.6.2\lib\liballegro_audio-5.0.7-static-mt.a" />
			<Add library="C:\Users\Melanson\dev\allegro-5.0.7-mingw-4.6.2\lib\libvorbisfile-1.3.2-static-mt.a" />
			<Add library="C:\Users\Melanson\dev\allegro-5.0.7-mingw-4.6.2\lib\libvorbis-1.3.2-static-mt.a" />
			<Add library="C:\Users\Melanson\dev\allegro-5.0.7-mingw-4.6.2\lib\liballegro_color-5.0.7-static-mt.a" />
			<Add library="C:\Users\Melanson\dev\allegro-5.0.7-mingw-4.6.2\lib\liballegro_dialog-5.0.7-static-mt.a" />
			<Add library="C:\Users\Melanson\dev\allegro-5.0.7-mingw-4.6.2\lib\liballegro_font-5.0.7-static-mt.a" />
			<Add library="C:\Users\Melanson\dev\allegro-5.0.7-mingw-4.6.2\lib\liballegro_image-5.0.7-static-mt.a" />
			<Add library="C:\Users\Melanson\dev\allegro-5.0.7-mingw-4.6.2\lib\liballegro_memfile-5.0.7-static-mt.a" />
			<Add library="C:\Users\Melanson\dev\allegro-5.0.7-mingw-4.6.2\lib\liballegro_physfs-5.0.7-static-mt.a" />
			<Add library="C:\Users\Melanson\dev\allegro-5.0.7-mingw-4.6.2\lib\liballegro_primitives-5.0.7-static-mt.a" />
			<Add library="C:\Users\Melanson\dev\allegro-5.0.7-mingw-4.6.2\lib\liballegro_ttf-5.0.7-static-mt.a" />
			<Add library="C:\Users\Melanson\dev\allegro-5.0.7-mingw-4.6.2\lib\libdumb-0.9.3-static-mt.a" />
			<Add library="C:\Users\Melanson\dev\allegro-5.0.7-mingw-4.6.2\lib\libFLAC-1.2.1-static-mt.a" />
			<Add library="C:\Users\Melanson\dev\allegro-5.0.7-mingw-4.6.2\lib\libfreetype-2.4.8-static-mt.a" />
			<Add library="C:\Users\Melanson\dev\allegro-5.0.7-mingw-4.6.2\lib\libogg-1.2.1-static-mt.a" />
			<Add library="C:\Users\Melanson\dev\allegro-5.0.7-mingw-4.6.2\lib\libzlib-1.2.5-static-mt.a" />
			<Add library="C:\MinGW\lib\libgdiplus.a" />
			<Add library="C:\MinGW\lib\libuuid.a" />
			<Add library="C:\MinGW\lib\libkernel32.a" />
			<Add library="C:\MinGW\lib\libwinmm.a" />
			<Add library="C:\MinGW\lib\libpsapi.a" />
			<Add library="C:\MinGW\lib\libopengl32.a" />
			<Add library="C:\MinGW\lib\libglu32.a" />
			<Add library="C:\MinGW\lib\libuser32.a" />
			<Add library="C:\MinGW\lib\libcomdlg32.a" />
			<Add library="C:\MinGW\lib\libgdi32.a" />
			<Add library="C:\MinGW\lib\libshell32.a" />
			<Add library="C:\MinGW\lib\libole32.a" />
			<Add library="C:\MinGW\lib\libadvapi32.a" />
			<Add library="C:\MinGW\lib\libws2_32.a" />
			<Add library="C:\MinGW\lib\libshlwapi.a" />
		</Linker>
		<Unit filename="include\corbit\calc.hpp" />
		<Unit filename="include\corbit\camera.hpp" />
		<Unit filename="include\corbit\corbit.hpp" />
		<Unit filename="include\corbit\globals.hpp" />
		<Unit filename="include\corbit\graphics.hpp" />
		<Unit filename="include\corbit\hud.hpp" />
		<Unit filename="include\corbit\object.hpp" />
		<Unit filename="include\corbit\version.hpp" />
		<Unit filename="src\calc.cpp" />
		<Unit filename="src\camera.cpp" />
		<Unit filename="src\graphics.cpp" />
		<Unit filename="src\hud.cpp" />
		<Unit filename="src\main.cpp" />
		<Unit filename="src\object.cpp" />
		<Extensions>
			<AutoVersioning>
				<Scheme minor_max="2147483647" build_max="0" rev_max="0" rev_rand_max="10" build_times_to_increment_minor="2147483647" />
				<Settings autoincrement="0" date_declarations="1" do_auto_increment="0" ask_to_increment="0" language="C++" svn="0" svn_directory="" header_path="include\corbit\version.hpp" />
				<Changes_Log show_changes_editor="1" app_title="%p %T v%M.%m:" changeslog_path="ChangesLog.txt" />
				<Code header_guard="VERSION_HPP" namespace="AutoVersion" prefix="" />
			</AutoVersioning>
			<code_completion />
			<debugger />
			<envvars />
		</Extensions>
	</Project>
</CodeBlocks_project_file>
